
Microsoft Visual Studio Solution File, Format Version 12.00
# Visual Studio Version 17
VisualStudioVersion = 17.5.002.0
MinimumVisualStudioVersion = 10.0.40219.1
Project("{9A19103F-16F7-4668-BE54-9A1E7A4F7556}") = "csharp_Simple_Cal", "csharp_Simple_Cal.csproj", "{19EB7C3A-D2A4-4108-88E1-42A25A705BBA}"
EndProject
Global
	GlobalSection(SolutionConfigurationPlatforms) = preSolution
		Debug|Any CPU = Debug|Any CPU
		Release|Any CPU = Release|Any CPU
	EndGlobalSection
	GlobalSection(ProjectConfigurationPlatforms) = postSolution
		{19EB7C3A-D2A4-4108-88E1-42A25A705BBA}.Debug|Any CPU.ActiveCfg = Debug|Any CPU
		{19EB7C3A-D2A4-4108-88E1-42A25A705BBA}.Debug|Any CPU.Build.0 = Debug|Any CPU
		{19EB7C3A-D2A4-4108-88E1-42A25A705BBA}.Release|Any CPU.ActiveCfg = Release|Any CPU
		{19EB7C3A-D2A4-4108-88E1-42A25A705BBA}.Release|Any CPU.Build.0 = Release|Any CPU
	EndGlobalSection
	GlobalSection(SolutionProperties) = preSolution
		HideSolutionNode = FALSE
	EndGlobalSection
	GlobalSection(ExtensibilityGlobals) = postSolution
		SolutionGuid = {7DF82732-EE1A-48E5-B820-6CBFEED46DF2}
	EndGlobalSection
EndGlobal
